
Microsoft Visual Studio Solution File, Format Version 12.00
# Visual Studio Version 17
VisualStudioVersion = 17.8.34330.188
MinimumVisualStudioVersion = 10.0.40219.1
Project("{FAE04EC0-301F-11D3-BF4B-00C04F79EFBC}") = "Sum", "Sum\Sum.csproj", "{AD1C99CC-E3F4-4EA7-8D67-A10BF9E1417E}"
EndProject
Global
	GlobalSection(SolutionConfigurationPlatforms) = preSolution
		Debug|Any CPU = Debug|Any CPU
		Release|Any CPU = Release|Any CPU
	EndGlobalSection
	GlobalSection(ProjectConfigurationPlatforms) = postSolution
		{AD1C99CC-E3F4-4EA7-8D67-A10BF9E1417E}.Debug|Any CPU.ActiveCfg = Debug|Any CPU
		{AD1C99CC-E3F4-4EA7-8D67-A10BF9E1417E}.Debug|Any CPU.Build.0 = Debug|Any CPU
		{AD1C99CC-E3F4-4EA7-8D67-A10BF9E1417E}.Release|Any CPU.ActiveCfg = Release|Any CPU
		{AD1C99CC-E3F4-4EA7-8D67-A10BF9E1417E}.Release|Any CPU.Build.0 = Release|Any CPU
	EndGlobalSection
	GlobalSection(SolutionProperties) = preSolution
		HideSolutionNode = FALSE
	EndGlobalSection
	GlobalSection(ExtensibilityGlobals) = postSolution
		SolutionGuid = {76709FF3-7E28-4EB3-8B51-FE4042D4CE0B}
	EndGlobalSection
EndGlobal
